
Microsoft Visual Studio Solution File, Format Version 12.00
# Visual Studio Version 16
VisualStudioVersion = 16.0.31129.286
MinimumVisualStudioVersion = 10.0.40219.1
Project("{8BC9CEB8-8B4A-11D0-8D11-00A0C91BC942}") = "GameProject3", "GameProject3\GameProject3.vcxproj", "{C35090DE-0472-45D1-B2A5-92055BD7FAEA}"
EndProject
Global
	GlobalSection(SolutionConfigurationPlatforms) = preSolution
		Debug|x64 = Debug|x64
		Debug|x86 = Debug|x86
		Release|x64 = Release|x64
		Release|x86 = Release|x86
	EndGlobalSection
	GlobalSection(ProjectConfigurationPlatforms) = postSolution
		{C35090DE-0472-45D1-B2A5-92055BD7FAEA}.Debug|x64.ActiveCfg = Debug|x64
		{C35090DE-0472-45D1-B2A5-92055BD7FAEA}.Debug|x64.Build.0 = Debug|x64
		{C35090DE-0472-45D1-B2A5-92055BD7FAEA}.Debug|x86.ActiveCfg = Debug|Win32
		{C35090DE-0472-45D1-B2A5-92055BD7FAEA}.Debug|x86.Build.0 = Debug|Win32
		{C35090DE-0472-45D1-B2A5-92055BD7FAEA}.Release|x64.ActiveCfg = Release|x64
		{C35090DE-0472-45D1-B2A5-92055BD7FAEA}.Release|x64.Build.0 = Release|x64
		{C35090DE-0472-45D1-B2A5-92055BD7FAEA}.Release|x86.ActiveCfg = Release|Win32
		{C35090DE-0472-45D1-B2A5-92055BD7FAEA}.Release|x86.Build.0 = Release|Win32
	EndGlobalSection
	GlobalSection(SolutionProperties) = preSolution
		HideSolutionNode = FALSE
	EndGlobalSection
	GlobalSection(ExtensibilityGlobals) = postSolution
		SolutionGuid = {515094E7-5044-44C3-931C-A1ED7AD6B4FC}
	EndGlobalSection
EndGlobal
